// !$*UTF8*$!
{
	archiveVersion = 1;
	classes = {
	};
	objectVersion = 46;
	objects = {

/* Begin PBXBuildFile section */
		32BD5BA91FEBAF2200300F8B /* main.cpp in Sources */ = {isa = PBXBuildFile; fileRef = 32BD5BA81FEBAF2200300F8B /* main.cpp */; };
/* End PBXBuildFile section */

/* Begin PBXCopyFilesBuildPhase section */
		32BD5BA31FEBAF2200300F8B /* CopyFiles */ = {
			isa = PBXCopyFilesBuildPhase;
			buildActionMask = 2147483647;
			dstPath = /usr/share/man/man1/;
			dstSubfolderSpec = 0;
			files = (
			);
			runOnlyForDeploymentPostprocessing = 1;
		};
/* End PBXCopyFilesBuildPhase section */

/* Begin PBXFileReference section */
		32BD5BA51FEBAF2200300F8B /* DOAN_GTLT */ = {isa = PBXFileReference; explicitFileType = "compiled.mach-o.executable"; includeInIndex = 0; path = DOAN_GTLT; sourceTree = BUILT_PRODUCTS_DIR; };
		32BD5BA81FEBAF2200300F8B /* main.cpp */ = {isa = PBXFileReference; lastKnownFileType = sourcecode.cpp.cpp; path = main.cpp; sourceTree = "<group>"; };
		32BD5BAF1FEBAF5800300F8B /* maTranTrongSo.txt */ = {isa = PBXFileReference; fileEncoding = 4; lastKnownFileType = text; path = maTranTrongSo.txt; sourceTree = "<group>"; };
		32BD5BB01FEBAF6C00300F8B /* ketQua.txt */ = {isa = PBXFileReference; fileEncoding = 4; lastKnownFileType = text; path = ketQua.txt; sourceTree = "<group>"; };
		32BD5BB11FEBB0EA00300F8B /* Node.h */ = {isa = PBXFileReference; lastKnownFileType = sourcecode.c.h; path = Node.h; sourceTree = "<group>"; };
		32BD5BB21FEBB36D00300F8B /* Canh.h */ = {isa = PBXFileReference; lastKnownFileType = sourcecode.c.h; path = Canh.h; sourceTree = "<group>"; };
		32BD5BB31FEBB99100300F8B /* Matrix.h */ = {isa = PBXFileReference; lastKnownFileType = sourcecode.c.h; path = Matrix.h; sourceTree = "<group>"; };
		32BD5BB41FEC120D00300F8B /* ListCanh.h */ = {isa = PBXFileReference; lastKnownFileType = sourcecode.c.h; path = ListCanh.h; sourceTree = "<group>"; };
		32BD5BB51FECE64800300F8B /* maTranTrongSo2.txt */ = {isa = PBXFileReference; fileEncoding = 4; lastKnownFileType = text; path = maTranTrongSo2.txt; sourceTree = "<group>"; };
/* End PBXFileReference section */

/* Begin PBXFrameworksBuildPhase section */
		32BD5BA21FEBAF2200300F8B /* Frameworks */ = {
			isa = PBXFrameworksBuildPhase;
			buildActionMask = 2147483647;
			files = (
			);
			runOnlyForDeploymentPostprocessing = 0;
		};
/* End PBXFrameworksBuildPhase section */

/* Begin PBXGroup section */
		32BD5B9C1FEBAF2200300F8B = {
			isa = PBXGroup;
			children = (
				32BD5BA71FEBAF2200300F8B /* DOAN_GTLT */,
				32BD5BA61FEBAF2200300F8B /* Products */,
			);
			sourceTree = "<group>";
		};
		32BD5BA61FEBAF2200300F8B /* Products */ = {
			isa = PBXGroup;
			children = (
				32BD5BA51FEBAF2200300F8B /* DOAN_GTLT */,
			);
			name = Products;
			sourceTree = "<group>";
		};
		32BD5BA71FEBAF2200300F8B /* DOAN_GTLT */ = {
			isa = PBXGroup;
			children = (
				32BD5BA81FEBAF2200300F8B /* main.cpp */,
				32BD5BB51FECE64800300F8B /* maTranTrongSo2.txt */,
				32BD5BB21FEBB36D00300F8B /* Canh.h */,
				32BD5BB01FEBAF6C00300F8B /* ketQua.txt */,
				32BD5BAF1FEBAF5800300F8B /* maTranTrongSo.txt */,
				32BD5BB11FEBB0EA00300F8B /* Node.h */,
				32BD5BB31FEBB99100300F8B /* Matrix.h */,
				32BD5BB41FEC120D00300F8B /* ListCanh.h */,
			);
			path = DOAN_GTLT;
			sourceTree = "<group>";
		};
/* End PBXGroup section */

/* Begin PBXNativeTarget section */
		32BD5BA41FEBAF2200300F8B /* DOAN_GTLT */ = {
			isa = PBXNativeTarget;
			buildConfigurationList = 32BD5BAC1FEBAF2200300F8B /* Build configuration list for PBXNativeTarget "DOAN_GTLT" */;
			buildPhases = (
				32BD5BA11FEBAF2200300F8B /* Sources */,
				32BD5BA21FEBAF2200300F8B /* Frameworks */,
				32BD5BA31FEBAF2200300F8B /* CopyFiles */,
			);
			buildRules = (
			);
			dependencies = (
			);
			name = DOAN_GTLT;
			productName = DOAN_GTLT;
			productReference = 32BD5BA51FEBAF2200300F8B /* DOAN_GTLT */;
			productType = "com.apple.product-type.tool";
		};
/* End PBXNativeTarget section */

/* Begin PBXProject section */
		32BD5B9D1FEBAF2200300F8B /* Project object */ = {
			isa = PBXProject;
			attributes = {
				LastUpgradeCheck = 0830;
				ORGANIZATIONNAME = ThinhLe;
				TargetAttributes = {
					32BD5BA41FEBAF2200300F8B = {
						CreatedOnToolsVersion = 8.3.3;
						ProvisioningStyle = Automatic;
					};
				};
			};
			buildConfigurationList = 32BD5BA01FEBAF2200300F8B /* Build configuration list for PBXProject "DOAN_GTLT" */;
			compatibilityVersion = "Xcode 3.2";
			developmentRegion = English;
			hasScannedForEncodings = 0;
			knownRegions = (
				en,
			);
			mainGroup = 32BD5B9C1FEBAF2200300F8B;
			productRefGroup = 32BD5BA61FEBAF2200300F8B /* Products */;
			projectDirPath = "";
			projectRoot = "";
			targets = (
				32BD5BA41FEBAF2200300F8B /* DOAN_GTLT */,
			);
		};
/* End PBXProject section */

/* Begin PBXSourcesBuildPhase section */
		32BD5BA11FEBAF2200300F8B /* Sources */ = {
			isa = PBXSourcesBuildPhase;
			buildActionMask = 2147483647;
			files = (
				32BD5BA91FEBAF2200300F8B /* main.cpp in Sources */,
			);
			runOnlyForDeploymentPostprocessing = 0;
		};
/* End PBXSourcesBuildPhase section */

/* Begin XCBuildConfiguration section */
		32BD5BAA1FEBAF2200300F8B /* Debug */ = {
			isa = XCBuildConfiguration;
			buildSettings = {
				ALWAYS_SEARCH_USER_PATHS = NO;
				CLANG_ANALYZER_NONNULL = YES;
				CLANG_ANALYZER_NUMBER_OBJECT_CONVERSION = YES_AGGRESSIVE;
				CLANG_CXX_LANGUAGE_STANDARD = "gnu++0x";
				CLANG_CXX_LIBRARY = "libc++";
				CLANG_ENABLE_MODULES = YES;
				CLANG_ENABLE_OBJC_ARC = YES;
				CLANG_WARN_BOOL_CONVERSION = YES;
				CLANG_WARN_CONSTANT_CONVERSION = YES;
				CLANG_WARN_DIRECT_OBJC_ISA_USAGE = YES_ERROR;
				CLANG_WARN_DOCUMENTATION_COMMENTS = YES;
				CLANG_WARN_EMPTY_BODY = YES;
				CLANG_WARN_ENUM_CONVERSION = YES;
				CLANG_WARN_INFINITE_RECURSION = YES;
				CLANG_WARN_INT_CONVERSION = YES;
				CLANG_WARN_OBJC_ROOT_CLASS = YES_ERROR;
				CLANG_WARN_SUSPICIOUS_MOVE = YES;
				CLANG_WARN_UNREACHABLE_CODE = YES;
				CLANG_WARN__DUPLICATE_METHOD_MATCH = YES;
				CODE_SIGN_IDENTITY = "-";
				COPY_PHASE_STRIP = NO;
				DEBUG_INFORMATION_FORMAT = dwarf;
				ENABLE_STRICT_OBJC_MSGSEND = YES;
				ENABLE_TESTABILITY = YES;
				GCC_C_LANGUAGE_STANDARD = gnu99;
				GCC_DYNAMIC_NO_PIC = NO;
				GCC_NO_COMMON_BLOCKS = YES;
				GCC_OPTIMIZATION_LEVEL = 0;
				GCC_PREPROCESSOR_DEFINITIONS = (
					"DEBUG=1",
					"$(inherited)",
				);
				GCC_WARN_64_TO_32_BIT_CONVERSION = YES;
				GCC_WARN_ABOUT_RETURN_TYPE = YES_ERROR;
				GCC_WARN_UNDECLARED_SELECTOR = YES;
				GCC_WARN_UNINITIALIZED_AUTOS = YES_AGGRESSIVE;
				GCC_WARN_UNUSED_FUNCTION = YES;
				GCC_WARN_UNUSED_VARIABLE = YES;
				MACOSX_DEPLOYMENT_TARGET = 10.13;
				MTL_ENABLE_DEBUG_INFO = YES;
				ONLY_ACTIVE_ARCH = YES;
				SDKROOT = macosx;
			};
			name = Debug;
		};
		32BD5BAB1FEBAF2200300F8B /* Release */ = {
			isa = XCBuildConfiguration;
			buildSettings = {
				ALWAYS_SEARCH_USER_PATHS = NO;
				CLANG_ANALYZER_NONNULL = YES;
				CLANG_ANALYZER_NUMBER_OBJECT_CONVERSION = YES_AGGRESSIVE;
				CLANG_CXX_LANGUAGE_STANDARD = "gnu++0x";
				CLANG_CXX_LIBRARY = "libc++";
				CLANG_ENABLE_MODULES = YES;
				CLANG_ENABLE_OBJC_ARC = YES;
				CLANG_WARN_BOOL_CONVERSION = YES;
				CLANG_WARN_CONSTANT_CONVERSION = YES;
				CLANG_WARN_DIRECT_OBJC_ISA_USAGE = YES_ERROR;
				CLANG_WARN_DOCUMENTATION_COMMENTS = YES;
				CLANG_WARN_EMPTY_BODY = YES;
				CLANG_WARN_ENUM_CONVERSION = YES;
				CLANG_WARN_INFINITE_RECURSION = YES;
				CLANG_WARN_INT_CONVERSION = YES;
				CLANG_WARN_OBJC_ROOT_CLASS = YES_ERROR;
				CLANG_WARN_SUSPICIOUS_MOVE = YES;
				CLANG_WARN_UNREACHABLE_CODE = YES;
				CLANG_WARN__DUPLICATE_METHOD_MATCH = YES;
				CODE_SIGN_IDENTITY = "-";
				COPY_PHASE_STRIP = NO;
				DEBUG_INFORMATION_FORMAT = "dwarf-with-dsym";
				ENABLE_NS_ASSERTIONS = NO;
				ENABLE_STRICT_OBJC_MSGSEND = YES;
				GCC_C_LANGUAGE_STANDARD = gnu99;
				GCC_NO_COMMON_BLOCKS = YES;
				GCC_WARN_64_TO_32_BIT_CONVERSION = YES;
				GCC_WARN_ABOUT_RETURN_TYPE = YES_ERROR;
				GCC_WARN_UNDECLARED_SELECTOR = YES;
				GCC_WARN_UNINITIALIZED_AUTOS = YES_AGGRESSIVE;
				GCC_WARN_UNUSED_FUNCTION = YES;
				GCC_WARN_UNUSED_VARIABLE = YES;
				MACOSX_DEPLOYMENT_TARGET = 10.13;
				MTL_ENABLE_DEBUG_INFO = NO;
				SDKROOT = macosx;
			};
			name = Release;
		};
		32BD5BAD1FEBAF2200300F8B /* Debug */ = {
			isa = XCBuildConfiguration;
			buildSettings = {
				PRODUCT_NAME = "$(TARGET_NAME)";
			};
			name = Debug;
		};
		32BD5BAE1FEBAF2200300F8B /* Release */ = {
			isa = XCBuildConfiguration;
			buildSettings = {
				PRODUCT_NAME = "$(TARGET_NAME)";
			};
			name = Release;
		};
/* End XCBuildConfiguration section */

/* Begin XCConfigurationList section */
		32BD5BA01FEBAF2200300F8B /* Build configuration list for PBXProject "DOAN_GTLT" */ = {
			isa = XCConfigurationList;
			buildConfigurations = (
				32BD5BAA1FEBAF2200300F8B /* Debug */,
				32BD5BAB1FEBAF2200300F8B /* Release */,
			);
			defaultConfigurationIsVisible = 0;
			defaultConfigurationName = Release;
		};
		32BD5BAC1FEBAF2200300F8B /* Build configuration list for PBXNativeTarget "DOAN_GTLT" */ = {
			isa = XCConfigurationList;
			buildConfigurations = (
				32BD5BAD1FEBAF2200300F8B /* Debug */,
				32BD5BAE1FEBAF2200300F8B /* Release */,
			);
			defaultConfigurationIsVisible = 0;
		};
/* End XCConfigurationList section */
	};
	rootObject = 32BD5B9D1FEBAF2200300F8B /* Project object */;
}
